
Microsoft Visual Studio Solution File, Format Version 12.00
# Visual Studio Version 17
VisualStudioVersion = 17.0.31903.59
MinimumVisualStudioVersion = 10.0.40219.1
Project("{2150E333-8FDC-42A3-9474-1A3956D46DE8}") = "src", "src", "{827E0CD3-B72D-47B6-A68D-7590B98EB39B}"
EndProject
Project("{FAE04EC0-301F-11D3-BF4B-00C04F79EFBC}") = "HotelBooking.Api", "src\HotelBooking.Api\HotelBooking.Api.csproj", "{3D281D2A-A174-4FA6-B045-F34B3113C7AD}"
EndProject
Project("{FAE04EC0-301F-11D3-BF4B-00C04F79EFBC}") = "HotelBooking.Application", "src\HotelBooking.Application\HotelBooking.Application.csproj", "{4936E9D4-D894-46EF-A895-B1E65DD92513}"
EndProject
Project("{FAE04EC0-301F-11D3-BF4B-00C04F79EFBC}") = "HotelBooking.Contracts", "src\HotelBooking.Contracts\HotelBooking.Contracts.csproj", "{2693588B-3126-455B-89B6-8C7C4AD9A866}"
EndProject
Project("{FAE04EC0-301F-11D3-BF4B-00C04F79EFBC}") = "HotelBooking.Domain", "src\HotelBooking.Domain\HotelBooking.Domain.csproj", "{5D7C7D1D-F0F9-48F7-BED0-A4E855014C43}"
EndProject
Project("{FAE04EC0-301F-11D3-BF4B-00C04F79EFBC}") = "HotelBooking.Infrastructure", "src\HotelBooking.Infrastructure\HotelBooking.Infrastructure.csproj", "{33BE25AD-DEDC-4DB0-95D1-C0A85C61FAB8}"
EndProject
Project("{2150E333-8FDC-42A3-9474-1A3956D46DE8}") = "tests", "tests", "{0AB3BF05-4346-4AA6-1389-037BE0695223}"
EndProject
Project("{FAE04EC0-301F-11D3-BF4B-00C04F79EFBC}") = "HotelBooking.Api.IntegrationTests", "tests\HotelBooking.Api.IntegrationTests\HotelBooking.Api.IntegrationTests.csproj", "{0AE67155-B1D1-4EBD-A556-27DCF7EEB882}"
EndProject
Project("{FAE04EC0-301F-11D3-BF4B-00C04F79EFBC}") = "HotelBooking.Application.SubcutaneousTests", "tests\HotelBooking.Application.SubcutaneousTests\HotelBooking.Application.SubcutaneousTests.csproj", "{71BF98D3-62CC-45F0-B477-87FF33167CB0}"
EndProject
Project("{FAE04EC0-301F-11D3-BF4B-00C04F79EFBC}") = "HotelBooking.Application.UnitTests", "tests\HotelBooking.Application.UnitTests\HotelBooking.Application.UnitTests.csproj", "{734B9647-5AF5-4E9C-84F6-833420D14C96}"
EndProject
Project("{FAE04EC0-301F-11D3-BF4B-00C04F79EFBC}") = "HotelBooking.Domain.UnitTests", "tests\HotelBooking.Domain.UnitTests\HotelBooking.Domain.UnitTests.csproj", "{45205EC2-6328-4A31-B1B1-233EA5478AB1}"
EndProject
Project("{FAE04EC0-301F-11D3-BF4B-00C04F79EFBC}") = "HotelBooking.Tests.Common", "tests\HotelBooking.Tests.Common\HotelBooking.Tests.Common.csproj", "{7CA19C35-02EC-481F-A24E-5A855E210412}"
EndProject
Global
	GlobalSection(SolutionConfigurationPlatforms) = preSolution
		Debug|Any CPU = Debug|Any CPU
		Debug|x64 = Debug|x64
		Debug|x86 = Debug|x86
		Release|Any CPU = Release|Any CPU
		Release|x64 = Release|x64
		Release|x86 = Release|x86
	EndGlobalSection
	GlobalSection(ProjectConfigurationPlatforms) = postSolution
		{3D281D2A-A174-4FA6-B045-F34B3113C7AD}.Debug|Any CPU.ActiveCfg = Debug|Any CPU
		{3D281D2A-A174-4FA6-B045-F34B3113C7AD}.Debug|Any CPU.Build.0 = Debug|Any CPU
		{3D281D2A-A174-4FA6-B045-F34B3113C7AD}.Debug|x64.ActiveCfg = Debug|Any CPU
		{3D281D2A-A174-4FA6-B045-F34B3113C7AD}.Debug|x64.Build.0 = Debug|Any CPU
		{3D281D2A-A174-4FA6-B045-F34B3113C7AD}.Debug|x86.ActiveCfg = Debug|Any CPU
		{3D281D2A-A174-4FA6-B045-F34B3113C7AD}.Debug|x86.Build.0 = Debug|Any CPU
		{3D281D2A-A174-4FA6-B045-F34B3113C7AD}.Release|Any CPU.ActiveCfg = Release|Any CPU
		{3D281D2A-A174-4FA6-B045-F34B3113C7AD}.Release|Any CPU.Build.0 = Release|Any CPU
		{3D281D2A-A174-4FA6-B045-F34B3113C7AD}.Release|x64.ActiveCfg = Release|Any CPU
		{3D281D2A-A174-4FA6-B045-F34B3113C7AD}.Release|x64.Build.0 = Release|Any CPU
		{3D281D2A-A174-4FA6-B045-F34B3113C7AD}.Release|x86.ActiveCfg = Release|Any CPU
		{3D281D2A-A174-4FA6-B045-F34B3113C7AD}.Release|x86.Build.0 = Release|Any CPU
		{4936E9D4-D894-46EF-A895-B1E65DD92513}.Debug|Any CPU.ActiveCfg = Debug|Any CPU
		{4936E9D4-D894-46EF-A895-B1E65DD92513}.Debug|Any CPU.Build.0 = Debug|Any CPU
		{4936E9D4-D894-46EF-A895-B1E65DD92513}.Debug|x64.ActiveCfg = Debug|Any CPU
		{4936E9D4-D894-46EF-A895-B1E65DD92513}.Debug|x64.Build.0 = Debug|Any CPU
		{4936E9D4-D894-46EF-A895-B1E65DD92513}.Debug|x86.ActiveCfg = Debug|Any CPU
		{4936E9D4-D894-46EF-A895-B1E65DD92513}.Debug|x86.Build.0 = Debug|Any CPU
		{4936E9D4-D894-46EF-A895-B1E65DD92513}.Release|Any CPU.ActiveCfg = Release|Any CPU
		{4936E9D4-D894-46EF-A895-B1E65DD92513}.Release|Any CPU.Build.0 = Release|Any CPU
		{4936E9D4-D894-46EF-A895-B1E65DD92513}.Release|x64.ActiveCfg = Release|Any CPU
		{4936E9D4-D894-46EF-A895-B1E65DD92513}.Release|x64.Build.0 = Release|Any CPU
		{4936E9D4-D894-46EF-A895-B1E65DD92513}.Release|x86.ActiveCfg = Release|Any CPU
		{4936E9D4-D894-46EF-A895-B1E65DD92513}.Release|x86.Build.0 = Release|Any CPU
		{2693588B-3126-455B-89B6-8C7C4AD9A866}.Debug|Any CPU.ActiveCfg = Debug|Any CPU
		{2693588B-3126-455B-89B6-8C7C4AD9A866}.Debug|Any CPU.Build.0 = Debug|Any CPU
		{2693588B-3126-455B-89B6-8C7C4AD9A866}.Debug|x64.ActiveCfg = Debug|Any CPU
		{2693588B-3126-455B-89B6-8C7C4AD9A866}.Debug|x64.Build.0 = Debug|Any CPU
		{2693588B-3126-455B-89B6-8C7C4AD9A866}.Debug|x86.ActiveCfg = Debug|Any CPU
		{2693588B-3126-455B-89B6-8C7C4AD9A866}.Debug|x86.Build.0 = Debug|Any CPU
		{2693588B-3126-455B-89B6-8C7C4AD9A866}.Release|Any CPU.ActiveCfg = Release|Any CPU
		{2693588B-3126-455B-89B6-8C7C4AD9A866}.Release|Any CPU.Build.0 = Release|Any CPU
		{2693588B-3126-455B-89B6-8C7C4AD9A866}.Release|x64.ActiveCfg = Release|Any CPU
		{2693588B-3126-455B-89B6-8C7C4AD9A866}.Release|x64.Build.0 = Release|Any CPU
		{2693588B-3126-455B-89B6-8C7C4AD9A866}.Release|x86.ActiveCfg = Release|Any CPU
		{2693588B-3126-455B-89B6-8C7C4AD9A866}.Release|x86.Build.0 = Release|Any CPU
		{5D7C7D1D-F0F9-48F7-BED0-A4E855014C43}.Debug|Any CPU.ActiveCfg = Debug|Any CPU
		{5D7C7D1D-F0F9-48F7-BED0-A4E855014C43}.Debug|Any CPU.Build.0 = Debug|Any CPU
		{5D7C7D1D-F0F9-48F7-BED0-A4E855014C43}.Debug|x64.ActiveCfg = Debug|Any CPU
		{5D7C7D1D-F0F9-48F7-BED0-A4E855014C43}.Debug|x64.Build.0 = Debug|Any CPU
		{5D7C7D1D-F0F9-48F7-BED0-A4E855014C43}.Debug|x86.ActiveCfg = Debug|Any CPU
		{5D7C7D1D-F0F9-48F7-BED0-A4E855014C43}.Debug|x86.Build.0 = Debug|Any CPU
		{5D7C7D1D-F0F9-48F7-BED0-A4E855014C43}.Release|Any CPU.ActiveCfg = Release|Any CPU
		{5D7C7D1D-F0F9-48F7-BED0-A4E855014C43}.Release|Any CPU.Build.0 = Release|Any CPU
		{5D7C7D1D-F0F9-48F7-BED0-A4E855014C43}.Release|x64.ActiveCfg = Release|Any CPU
		{5D7C7D1D-F0F9-48F7-BED0-A4E855014C43}.Release|x64.Build.0 = Release|Any CPU
		{5D7C7D1D-F0F9-48F7-BED0-A4E855014C43}.Release|x86.ActiveCfg = Release|Any CPU
		{5D7C7D1D-F0F9-48F7-BED0-A4E855014C43}.Release|x86.Build.0 = Release|Any CPU
		{33BE25AD-DEDC-4DB0-95D1-C0A85C61FAB8}.Debug|Any CPU.ActiveCfg = Debug|Any CPU
		{33BE25AD-DEDC-4DB0-95D1-C0A85C61FAB8}.Debug|Any CPU.Build.0 = Debug|Any CPU
		{33BE25AD-DEDC-4DB0-95D1-C0A85C61FAB8}.Debug|x64.ActiveCfg = Debug|Any CPU
		{33BE25AD-DEDC-4DB0-95D1-C0A85C61FAB8}.Debug|x64.Build.0 = Debug|Any CPU
		{33BE25AD-DEDC-4DB0-95D1-C0A85C61FAB8}.Debug|x86.ActiveCfg = Debug|Any CPU
		{33BE25AD-DEDC-4DB0-95D1-C0A85C61FAB8}.Debug|x86.Build.0 = Debug|Any CPU
		{33BE25AD-DEDC-4DB0-95D1-C0A85C61FAB8}.Release|Any CPU.ActiveCfg = Release|Any CPU
		{33BE25AD-DEDC-4DB0-95D1-C0A85C61FAB8}.Release|Any CPU.Build.0 = Release|Any CPU
		{33BE25AD-DEDC-4DB0-95D1-C0A85C61FAB8}.Release|x64.ActiveCfg = Release|Any CPU
		{33BE25AD-DEDC-4DB0-95D1-C0A85C61FAB8}.Release|x64.Build.0 = Release|Any CPU
		{33BE25AD-DEDC-4DB0-95D1-C0A85C61FAB8}.Release|x86.ActiveCfg = Release|Any CPU
		{33BE25AD-DEDC-4DB0-95D1-C0A85C61FAB8}.Release|x86.Build.0 = Release|Any CPU
		{0AE67155-B1D1-4EBD-A556-27DCF7EEB882}.Debug|Any CPU.ActiveCfg = Debug|Any CPU
		{0AE67155-B1D1-4EBD-A556-27DCF7EEB882}.Debug|Any CPU.Build.0 = Debug|Any CPU
		{0AE67155-B1D1-4EBD-A556-27DCF7EEB882}.Debug|x64.ActiveCfg = Debug|Any CPU
		{0AE67155-B1D1-4EBD-A556-27DCF7EEB882}.Debug|x64.Build.0 = Debug|Any CPU
		{0AE67155-B1D1-4EBD-A556-27DCF7EEB882}.Debug|x86.ActiveCfg = Debug|Any CPU
		{0AE67155-B1D1-4EBD-A556-27DCF7EEB882}.Debug|x86.Build.0 = Debug|Any CPU
		{0AE67155-B1D1-4EBD-A556-27DCF7EEB882}.Release|Any CPU.ActiveCfg = Release|Any CPU
		{0AE67155-B1D1-4EBD-A556-27DCF7EEB882}.Release|Any CPU.Build.0 = Release|Any CPU
		{0AE67155-B1D1-4EBD-A556-27DCF7EEB882}.Release|x64.ActiveCfg = Release|Any CPU
		{0AE67155-B1D1-4EBD-A556-27DCF7EEB882}.Release|x64.Build.0 = Release|Any CPU
		{0AE67155-B1D1-4EBD-A556-27DCF7EEB882}.Release|x86.ActiveCfg = Release|Any CPU
		{0AE67155-B1D1-4EBD-A556-27DCF7EEB882}.Release|x86.Build.0 = Release|Any CPU
		{71BF98D3-62CC-45F0-B477-87FF33167CB0}.Debug|Any CPU.ActiveCfg = Debug|Any CPU
		{71BF98D3-62CC-45F0-B477-87FF33167CB0}.Debug|Any CPU.Build.0 = Debug|Any CPU
		{71BF98D3-62CC-45F0-B477-87FF33167CB0}.Debug|x64.ActiveCfg = Debug|Any CPU
		{71BF98D3-62CC-45F0-B477-87FF33167CB0}.Debug|x64.Build.0 = Debug|Any CPU
		{71BF98D3-62CC-45F0-B477-87FF33167CB0}.Debug|x86.ActiveCfg = Debug|Any CPU
		{71BF98D3-62CC-45F0-B477-87FF33167CB0}.Debug|x86.Build.0 = Debug|Any CPU
		{71BF98D3-62CC-45F0-B477-87FF33167CB0}.Release|Any CPU.ActiveCfg = Release|Any CPU
		{71BF98D3-62CC-45F0-B477-87FF33167CB0}.Release|Any CPU.Build.0 = Release|Any CPU
		{71BF98D3-62CC-45F0-B477-87FF33167CB0}.Release|x64.ActiveCfg = Release|Any CPU
		{71BF98D3-62CC-45F0-B477-87FF33167CB0}.Release|x64.Build.0 = Release|Any CPU
		{71BF98D3-62CC-45F0-B477-87FF33167CB0}.Release|x86.ActiveCfg = Release|Any CPU
		{71BF98D3-62CC-45F0-B477-87FF33167CB0}.Release|x86.Build.0 = Release|Any CPU
		{734B9647-5AF5-4E9C-84F6-833420D14C96}.Debug|Any CPU.ActiveCfg = Debug|Any CPU
		{734B9647-5AF5-4E9C-84F6-833420D14C96}.Debug|Any CPU.Build.0 = Debug|Any CPU
		{734B9647-5AF5-4E9C-84F6-833420D14C96}.Debug|x64.ActiveCfg = Debug|Any CPU
		{734B9647-5AF5-4E9C-84F6-833420D14C96}.Debug|x64.Build.0 = Debug|Any CPU
		{734B9647-5AF5-4E9C-84F6-833420D14C96}.Debug|x86.ActiveCfg = Debug|Any CPU
		{734B9647-5AF5-4E9C-84F6-833420D14C96}.Debug|x86.Build.0 = Debug|Any CPU
		{734B9647-5AF5-4E9C-84F6-833420D14C96}.Release|Any CPU.ActiveCfg = Release|Any CPU
		{734B9647-5AF5-4E9C-84F6-833420D14C96}.Release|Any CPU.Build.0 = Release|Any CPU
		{734B9647-5AF5-4E9C-84F6-833420D14C96}.Release|x64.ActiveCfg = Release|Any CPU
		{734B9647-5AF5-4E9C-84F6-833420D14C96}.Release|x64.Build.0 = Release|Any CPU
		{734B9647-5AF5-4E9C-84F6-833420D14C96}.Release|x86.ActiveCfg = Release|Any CPU
		{734B9647-5AF5-4E9C-84F6-833420D14C96}.Release|x86.Build.0 = Release|Any CPU
		{45205EC2-6328-4A31-B1B1-233EA5478AB1}.Debug|Any CPU.ActiveCfg = Debug|Any CPU
		{45205EC2-6328-4A31-B1B1-233EA5478AB1}.Debug|Any CPU.Build.0 = Debug|Any CPU
		{45205EC2-6328-4A31-B1B1-233EA5478AB1}.Debug|x64.ActiveCfg = Debug|Any CPU
		{45205EC2-6328-4A31-B1B1-233EA5478AB1}.Debug|x64.Build.0 = Debug|Any CPU
		{45205EC2-6328-4A31-B1B1-233EA5478AB1}.Debug|x86.ActiveCfg = Debug|Any CPU
		{45205EC2-6328-4A31-B1B1-233EA5478AB1}.Debug|x86.Build.0 = Debug|Any CPU
		{45205EC2-6328-4A31-B1B1-233EA5478AB1}.Release|Any CPU.ActiveCfg = Release|Any CPU
		{45205EC2-6328-4A31-B1B1-233EA5478AB1}.Release|Any CPU.Build.0 = Release|Any CPU
		{45205EC2-6328-4A31-B1B1-233EA5478AB1}.Release|x64.ActiveCfg = Release|Any CPU
		{45205EC2-6328-4A31-B1B1-233EA5478AB1}.Release|x64.Build.0 = Release|Any CPU
		{45205EC2-6328-4A31-B1B1-233EA5478AB1}.Release|x86.ActiveCfg = Release|Any CPU
		{45205EC2-6328-4A31-B1B1-233EA5478AB1}.Release|x86.Build.0 = Release|Any CPU
		{7CA19C35-02EC-481F-A24E-5A855E210412}.Debug|Any CPU.ActiveCfg = Debug|Any CPU
		{7CA19C35-02EC-481F-A24E-5A855E210412}.Debug|Any CPU.Build.0 = Debug|Any CPU
		{7CA19C35-02EC-481F-A24E-5A855E210412}.Debug|x64.ActiveCfg = Debug|Any CPU
		{7CA19C35-02EC-481F-A24E-5A855E210412}.Debug|x64.Build.0 = Debug|Any CPU
		{7CA19C35-02EC-481F-A24E-5A855E210412}.Debug|x86.ActiveCfg = Debug|Any CPU
		{7CA19C35-02EC-481F-A24E-5A855E210412}.Debug|x86.Build.0 = Debug|Any CPU
		{7CA19C35-02EC-481F-A24E-5A855E210412}.Release|Any CPU.ActiveCfg = Release|Any CPU
		{7CA19C35-02EC-481F-A24E-5A855E210412}.Release|Any CPU.Build.0 = Release|Any CPU
		{7CA19C35-02EC-481F-A24E-5A855E210412}.Release|x64.ActiveCfg = Release|Any CPU
		{7CA19C35-02EC-481F-A24E-5A855E210412}.Release|x64.Build.0 = Release|Any CPU
		{7CA19C35-02EC-481F-A24E-5A855E210412}.Release|x86.ActiveCfg = Release|Any CPU
		{7CA19C35-02EC-481F-A24E-5A855E210412}.Release|x86.Build.0 = Release|Any CPU
	EndGlobalSection
	GlobalSection(SolutionProperties) = preSolution
		HideSolutionNode = FALSE
	EndGlobalSection
	GlobalSection(NestedProjects) = preSolution
		{3D281D2A-A174-4FA6-B045-F34B3113C7AD} = {827E0CD3-B72D-47B6-A68D-7590B98EB39B}
		{4936E9D4-D894-46EF-A895-B1E65DD92513} = {827E0CD3-B72D-47B6-A68D-7590B98EB39B}
		{2693588B-3126-455B-89B6-8C7C4AD9A866} = {827E0CD3-B72D-47B6-A68D-7590B98EB39B}
		{5D7C7D1D-F0F9-48F7-BED0-A4E855014C43} = {827E0CD3-B72D-47B6-A68D-7590B98EB39B}
		{33BE25AD-DEDC-4DB0-95D1-C0A85C61FAB8} = {827E0CD3-B72D-47B6-A68D-7590B98EB39B}
		{0AE67155-B1D1-4EBD-A556-27DCF7EEB882} = {0AB3BF05-4346-4AA6-1389-037BE0695223}
		{71BF98D3-62CC-45F0-B477-87FF33167CB0} = {0AB3BF05-4346-4AA6-1389-037BE0695223}
		{734B9647-5AF5-4E9C-84F6-833420D14C96} = {0AB3BF05-4346-4AA6-1389-037BE0695223}
		{45205EC2-6328-4A31-B1B1-233EA5478AB1} = {0AB3BF05-4346-4AA6-1389-037BE0695223}
		{7CA19C35-02EC-481F-A24E-5A855E210412} = {0AB3BF05-4346-4AA6-1389-037BE0695223}
	EndGlobalSection
	GlobalSection(ExtensibilityGlobals) = postSolution
		SolutionGuid = {86241851-5F9C-4410-AB7B-D086E0792922}
	EndGlobalSection
EndGlobal
